
Microsoft Visual Studio Solution File, Format Version 12.00
# Visual Studio Version 18
VisualStudioVersion = 18.3.11505.172 d18.3
MinimumVisualStudioVersion = 10.0.40219.1
Project("{FAE04EC0-301F-11D3-BF4B-00C04F79EFBC}") = "GenericStructures", "GenericStructures.csproj", "{649D00EE-8592-4C50-9245-A3E6749F0BB9}"
EndProject
Global
	GlobalSection(SolutionConfigurationPlatforms) = preSolution
		Debug|x64 = Debug|x64
		Release|x64 = Release|x64
	EndGlobalSection
	GlobalSection(ProjectConfigurationPlatforms) = postSolution
		{649D00EE-8592-4C50-9245-A3E6749F0BB9}.Debug|x64.ActiveCfg = Debug|x64
		{649D00EE-8592-4C50-9245-A3E6749F0BB9}.Debug|x64.Build.0 = Debug|x64
		{649D00EE-8592-4C50-9245-A3E6749F0BB9}.Release|x64.ActiveCfg = Release|x64
		{649D00EE-8592-4C50-9245-A3E6749F0BB9}.Release|x64.Build.0 = Release|x64
	EndGlobalSection
	GlobalSection(SolutionProperties) = preSolution
		HideSolutionNode = FALSE
	EndGlobalSection
	GlobalSection(ExtensibilityGlobals) = postSolution
		SolutionGuid = {EDC06D06-642D-4668-9C84-8CD8CD0DD527}
	EndGlobalSection
EndGlobal
